
Microsoft Visual Studio Solution File, Format Version 12.00
# Visual Studio Version 16
VisualStudioVersion = 16.6.30114.105
MinimumVisualStudioVersion = 10.0.40219.1
Project("{FAE04EC0-301F-11D3-BF4B-00C04F79EFBC}") = "GenericRange", "src\GenericRange.csproj", "{BD727650-EA33-4174-A8B8-3AF04B631C26}"
EndProject
Project("{FAE04EC0-301F-11D3-BF4B-00C04F79EFBC}") = "GenericRange.Tests", "tests\GenericRange.Tests.csproj", "{F7F870AE-BF6D-4E66-B78D-5FD685DEDAD1}"
EndProject
Global
	GlobalSection(SolutionConfigurationPlatforms) = preSolution
		Debug|Any CPU = Debug|Any CPU
		Release|Any CPU = Release|Any CPU
	EndGlobalSection
	GlobalSection(SolutionProperties) = preSolution
		HideSolutionNode = FALSE
	EndGlobalSection
	GlobalSection(ProjectConfigurationPlatforms) = postSolution
		{BD727650-EA33-4174-A8B8-3AF04B631C26}.Debug|Any CPU.ActiveCfg = Debug|Any CPU
		{BD727650-EA33-4174-A8B8-3AF04B631C26}.Debug|Any CPU.Build.0 = Debug|Any CPU
		{BD727650-EA33-4174-A8B8-3AF04B631C26}.Release|Any CPU.ActiveCfg = Release|Any CPU
		{BD727650-EA33-4174-A8B8-3AF04B631C26}.Release|Any CPU.Build.0 = Release|Any CPU
		{F7F870AE-BF6D-4E66-B78D-5FD685DEDAD1}.Debug|Any CPU.ActiveCfg = Debug|Any CPU
		{F7F870AE-BF6D-4E66-B78D-5FD685DEDAD1}.Debug|Any CPU.Build.0 = Debug|Any CPU
		{F7F870AE-BF6D-4E66-B78D-5FD685DEDAD1}.Release|Any CPU.ActiveCfg = Release|Any CPU
		{F7F870AE-BF6D-4E66-B78D-5FD685DEDAD1}.Release|Any CPU.Build.0 = Release|Any CPU
	EndGlobalSection
EndGlobal
